PODS:
  - FBRetainCycleDetector (0.1.4)
  - JSONModel (1.8.0)
  - MLeaksFinder (1.0.0):
    - FBRetainCycleDetector
  - YHNotificationCenter (1.0.0)

DEPENDENCIES:
  - FBRetainCycleDetector
  - JSONModel
  - MLeaksFinder
  - YHNotificationCenter

SPEC REPOS:
  https://github.com/cocoapods/specs.git:
    - FBRetainCycleDetector
    - JSONModel
    - MLeaksFinder
    - YHNotificationCenter

SPEC CHECKSUMS:
  FBRetainCycleDetector: 46f8179bbb1c587deee3ea838a1a3ee02acf5015
  JSONModel: 02ab723958366a3fd27da57ea2af2113658762e9
  MLeaksFinder: 8c435bd2f6d070af18cff082b503b21adc130fc0
  YHNotificationCenter: 536930fb17d23be4f0e224982e28b4209182777d

PODFILE CHECKSUM: 818d4f01926e9db5093bec6d947f1d45fbca84a9

COCOAPODS: 1.5.3
