// !$*UTF8*$!
{
	archiveVersion = 1;
	classes = {
	};
	objectVersion = 48;
	objects = {

/* Begin PBXBuildFile section */
		6F43F36F204D945500EA7DCD /* SemaphoreViewController.m in Sources */ = {isa = PBXBuildFile; fileRef = 6F43F36E204D945500EA7DCD /* SemaphoreViewController.m */; };
		6F43F3732056C3BC00EA7DCD /* RespondChainViewController.m in Sources */ = {isa = PBXBuildFile; fileRef = 6F43F3722056C3BC00EA7DCD /* RespondChainViewController.m */; };
		6F43F3762056C3DC00EA7DCD /* View1.m in Sources */ = {isa = PBXBuildFile; fileRef = 6F43F3752056C3DC00EA7DCD /* View1.m */; };
		6F43F3792056C3EF00EA7DCD /* View11.m in Sources */ = {isa = PBXBuildFile; fileRef = 6F43F3782056C3EF00EA7DCD /* View11.m */; };
		6F43F37D20581D8600EA7DCD /* CopyStrongDemoViewController.m in Sources */ = {isa = PBXBuildFile; fileRef = 6F43F37C20581D8600EA7DCD /* CopyStrongDemoViewController.m */; };
		7721C3E8202C2A9100859A67 /* YHBaseChartView.m in Sources */ = {isa = PBXBuildFile; fileRef = 7721C3E7202C2A9100859A67 /* YHBaseChartView.m */; };
		776FC1912011F04100CDF3E6 /* AppDelegate.m in Sources */ = {isa = PBXBuildFile; fileRef = 776FC1902011F04100CDF3E6 /* AppDelegate.m */; };
		776FC1942011F04100CDF3E6 /* FindMaxAndMinNumberViewController.m in Sources */ = {isa = PBXBuildFile; fileRef = 776FC1932011F04100CDF3E6 /* FindMaxAndMinNumberViewController.m */; };
		776FC1972011F04100CDF3E6 /* Main.storyboard in Resources */ = {isa = PBXBuildFile; fileRef = 776FC1952011F04100CDF3E6 /* Main.storyboard */; };
		776FC1992011F04100CDF3E6 /* Assets.xcassets in Resources */ = {isa = PBXBuildFile; fileRef = 776FC1982011F04100CDF3E6 /* Assets.xcassets */; };
		776FC19C2011F04100CDF3E6 /* LaunchScreen.storyboard in Resources */ = {isa = PBXBuildFile; fileRef = 776FC19A2011F04100CDF3E6 /* LaunchScreen.storyboard */; };
		776FC19F2011F04100CDF3E6 /* main.m in Sources */ = {isa = PBXBuildFile; fileRef = 776FC19E2011F04100CDF3E6 /* main.m */; };
		776FC1A72011F08200CDF3E6 /* RootTableViewController.m in Sources */ = {isa = PBXBuildFile; fileRef = 776FC1A62011F08200CDF3E6 /* RootTableViewController.m */; };
		776FC1AA2011F53000CDF3E6 /* DrawViewController.m in Sources */ = {isa = PBXBuildFile; fileRef = 776FC1A92011F53000CDF3E6 /* DrawViewController.m */; };
		776FC1AD2011F69600CDF3E6 /* CoreGraphicDrawView.m in Sources */ = {isa = PBXBuildFile; fileRef = 776FC1AC2011F69600CDF3E6 /* CoreGraphicDrawView.m */; };
		776FC1B02012204400CDF3E6 /* CoreAnimationDrawView.m in Sources */ = {isa = PBXBuildFile; fileRef = 776FC1AF2012204400CDF3E6 /* CoreAnimationDrawView.m */; };
		77714A28201B4725004DD6EB /* YHLineChartView.m in Sources */ = {isa = PBXBuildFile; fileRef = 77714A27201B4725004DD6EB /* YHLineChartView.m */; };
		77714A2B201EB312004DD6EB /* LineChartViewController.m in Sources */ = {isa = PBXBuildFile; fileRef = 77714A2A201EB312004DD6EB /* LineChartViewController.m */; };
		77714A3220200B6E004DD6EB /* HorizontalBarChartViewController.m in Sources */ = {isa = PBXBuildFile; fileRef = 77714A3120200B6E004DD6EB /* HorizontalBarChartViewController.m */; };
		77714A3520200B94004DD6EB /* YHHorizontalBarChartView.m in Sources */ = {isa = PBXBuildFile; fileRef = 77714A3420200B94004DD6EB /* YHHorizontalBarChartView.m */; };
		77714A3A202158FB004DD6EB /* YHVerticalBarChartView.m in Sources */ = {isa = PBXBuildFile; fileRef = 77714A39202158FB004DD6EB /* YHVerticalBarChartView.m */; };
		77714A3D20215909004DD6EB /* VerticalBarChartViewController.m in Sources */ = {isa = PBXBuildFile; fileRef = 77714A3C20215909004DD6EB /* VerticalBarChartViewController.m */; };
		77BE096C20457B8D009712CC /* BaseChartViewController.m in Sources */ = {isa = PBXBuildFile; fileRef = 77BE096B20457B8D009712CC /* BaseChartViewController.m */; };
		77E4ABE72022EE5800568AFA /* UIColor+HexColor.m in Sources */ = {isa = PBXBuildFile; fileRef = 77E4ABE62022EE5800568AFA /* UIColor+HexColor.m */; };
		77E4AC06202862D500568AFA /* NSString+Extra.m in Sources */ = {isa = PBXBuildFile; fileRef = 77E4AC05202862D500568AFA /* NSString+Extra.m */; };
/* End PBXBuildFile section */

/* Begin PBXFileReference section */
		6F43F36D204D945500EA7DCD /* SemaphoreViewController.h */ = {isa = PBXFileReference; lastKnownFileType = sourcecode.c.h; path = SemaphoreViewController.h; sourceTree = "<group>"; };
		6F43F36E204D945500EA7DCD /* SemaphoreViewController.m */ = {isa = PBXFileReference; lastKnownFileType = sourcecode.c.objc; path = SemaphoreViewController.m; sourceTree = "<group>"; };
		6F43F3712056C3BC00EA7DCD /* RespondChainViewController.h */ = {isa = PBXFileReference; lastKnownFileType = sourcecode.c.h; path = RespondChainViewController.h; sourceTree = "<group>"; };
		6F43F3722056C3BC00EA7DCD /* RespondChainViewController.m */ = {isa = PBXFileReference; lastKnownFileType = sourcecode.c.objc; path = RespondChainViewController.m; sourceTree = "<group>"; };
		6F43F3742056C3DC00EA7DCD /* View1.h */ = {isa = PBXFileReference; lastKnownFileType = sourcecode.c.h; path = View1.h; sourceTree = "<group>"; };
		6F43F3752056C3DC00EA7DCD /* View1.m */ = {isa = PBXFileReference; lastKnownFileType = sourcecode.c.objc; path = View1.m; sourceTree = "<group>"; };
		6F43F3772056C3EF00EA7DCD /* View11.h */ = {isa = PBXFileReference; lastKnownFileType = sourcecode.c.h; path = View11.h; sourceTree = "<group>"; };
		6F43F3782056C3EF00EA7DCD /* View11.m */ = {isa = PBXFileReference; lastKnownFileType = sourcecode.c.objc; path = View11.m; sourceTree = "<group>"; };
		6F43F37B20581D8600EA7DCD /* CopyStrongDemoViewController.h */ = {isa = PBXFileReference; lastKnownFileType = sourcecode.c.h; path = CopyStrongDemoViewController.h; sourceTree = "<group>"; };
		6F43F37C20581D8600EA7DCD /* CopyStrongDemoViewController.m */ = {isa = PBXFileReference; lastKnownFileType = sourcecode.c.objc; path = CopyStrongDemoViewController.m; sourceTree = "<group>"; };
		7721C3E3202C2A9000859A67 /* YHCommonChartViewDelegate.h */ = {isa = PBXFileReference; fileEncoding = 4; lastKnownFileType = sourcecode.c.h; path = YHCommonChartViewDelegate.h; sourceTree = "<group>"; };
		7721C3E4202C2A9000859A67 /* YHCommonHeader.h */ = {isa = PBXFileReference; fileEncoding = 4; lastKnownFileType = sourcecode.c.h; path = YHCommonHeader.h; sourceTree = "<group>"; };
		7721C3E5202C2A9000859A67 /* YHBaseChartView.h */ = {isa = PBXFileReference; fileEncoding = 4; lastKnownFileType = sourcecode.c.h; path = YHBaseChartView.h; sourceTree = "<group>"; };
		7721C3E6202C2A9000859A67 /* YHBaseChartMethodProtocol.h */ = {isa = PBXFileReference; fileEncoding = 4; lastKnownFileType = sourcecode.c.h; path = YHBaseChartMethodProtocol.h; sourceTree = "<group>"; };
		7721C3E7202C2A9100859A67 /* YHBaseChartView.m */ = {isa = PBXFileReference; fileEncoding = 4; lastKnownFileType = sourcecode.c.objc; path = YHBaseChartView.m; sourceTree = "<group>"; };
		776FC18C2011F04100CDF3E6 /* YHDailyDemo.app */ = {isa = PBXFileReference; explicitFileType = wrapper.application; includeInIndex = 0; path = YHDailyDemo.app; sourceTree = BUILT_PRODUCTS_DIR; };
		776FC18F2011F04100CDF3E6 /* AppDelegate.h */ = {isa = PBXFileReference; lastKnownFileType = sourcecode.c.h; path = AppDelegate.h; sourceTree = "<group>"; };
		776FC1902011F04100CDF3E6 /* AppDelegate.m */ = {isa = PBXFileReference; lastKnownFileType = sourcecode.c.objc; path = AppDelegate.m; sourceTree = "<group>"; };
		776FC1922011F04100CDF3E6 /* FindMaxAndMinNumberViewController.h */ = {isa = PBXFileReference; lastKnownFileType = sourcecode.c.h; path = FindMaxAndMinNumberViewController.h; sourceTree = "<group>"; };
		776FC1932011F04100CDF3E6 /* FindMaxAndMinNumberViewController.m */ = {isa = PBXFileReference; lastKnownFileType = sourcecode.c.objc; path = FindMaxAndMinNumberViewController.m; sourceTree = "<group>"; };
		776FC1962011F04100CDF3E6 /* Base */ = {isa = PBXFileReference; lastKnownFileType = file.storyboard; name = Base; path = Base.lproj/Main.storyboard; sourceTree = "<group>"; };
		776FC1982011F04100CDF3E6 /* Assets.xcassets */ = {isa = PBXFileReference; lastKnownFileType = folder.assetcatalog; path = Assets.xcassets; sourceTree = "<group>"; };
		776FC19B2011F04100CDF3E6 /* Base */ = {isa = PBXFileReference; lastKnownFileType = file.storyboard; name = Base; path = Base.lproj/LaunchScreen.storyboard; sourceTree = "<group>"; };
		776FC19D2011F04100CDF3E6 /* Info.plist */ = {isa = PBXFileReference; lastKnownFileType = text.plist.xml; path = Info.plist; sourceTree = "<group>"; };
		776FC19E2011F04100CDF3E6 /* main.m */ = {isa = PBXFileReference; lastKnownFileType = sourcecode.c.objc; path = main.m; sourceTree = "<group>"; };
		776FC1A52011F08200CDF3E6 /* RootTableViewController.h */ = {isa = PBXFileReference; fileEncoding = 4; lastKnownFileType = sourcecode.c.h; path = RootTableViewController.h; sourceTree = "<group>"; };
		776FC1A62011F08200CDF3E6 /* RootTableViewController.m */ = {isa = PBXFileReference; fileEncoding = 4; lastKnownFileType = sourcecode.c.objc; path = RootTableViewController.m; sourceTree = "<group>"; };
		776FC1A82011F53000CDF3E6 /* DrawViewController.h */ = {isa = PBXFileReference; lastKnownFileType = sourcecode.c.h; path = DrawViewController.h; sourceTree = "<group>"; };
		776FC1A92011F53000CDF3E6 /* DrawViewController.m */ = {isa = PBXFileReference; lastKnownFileType = sourcecode.c.objc; path = DrawViewController.m; sourceTree = "<group>"; };
		776FC1AB2011F69600CDF3E6 /* CoreGraphicDrawView.h */ = {isa = PBXFileReference; lastKnownFileType = sourcecode.c.h; path = CoreGraphicDrawView.h; sourceTree = "<group>"; };
		776FC1AC2011F69600CDF3E6 /* CoreGraphicDrawView.m */ = {isa = PBXFileReference; lastKnownFileType = sourcecode.c.objc; path = CoreGraphicDrawView.m; sourceTree = "<group>"; };
		776FC1AE2012204400CDF3E6 /* CoreAnimationDrawView.h */ = {isa = PBXFileReference; lastKnownFileType = sourcecode.c.h; path = CoreAnimationDrawView.h; sourceTree = "<group>"; };
		776FC1AF2012204400CDF3E6 /* CoreAnimationDrawView.m */ = {isa = PBXFileReference; lastKnownFileType = sourcecode.c.objc; path = CoreAnimationDrawView.m; sourceTree = "<group>"; };
		77714A26201B4725004DD6EB /* YHLineChartView.h */ = {isa = PBXFileReference; lastKnownFileType = sourcecode.c.h; path = YHLineChartView.h; sourceTree = "<group>"; };
		77714A27201B4725004DD6EB /* YHLineChartView.m */ = {isa = PBXFileReference; lastKnownFileType = sourcecode.c.objc; path = YHLineChartView.m; sourceTree = "<group>"; };
		77714A29201EB312004DD6EB /* LineChartViewController.h */ = {isa = PBXFileReference; lastKnownFileType = sourcecode.c.h; path = LineChartViewController.h; sourceTree = "<group>"; };
		77714A2A201EB312004DD6EB /* LineChartViewController.m */ = {isa = PBXFileReference; lastKnownFileType = sourcecode.c.objc; path = LineChartViewController.m; sourceTree = "<group>"; };
		77714A3020200B6E004DD6EB /* HorizontalBarChartViewController.h */ = {isa = PBXFileReference; lastKnownFileType = sourcecode.c.h; path = HorizontalBarChartViewController.h; sourceTree = "<group>"; };
		77714A3120200B6E004DD6EB /* HorizontalBarChartViewController.m */ = {isa = PBXFileReference; lastKnownFileType = sourcecode.c.objc; path = HorizontalBarChartViewController.m; sourceTree = "<group>"; };
		77714A3320200B94004DD6EB /* YHHorizontalBarChartView.h */ = {isa = PBXFileReference; lastKnownFileType = sourcecode.c.h; path = YHHorizontalBarChartView.h; sourceTree = "<group>"; };
		77714A3420200B94004DD6EB /* YHHorizontalBarChartView.m */ = {isa = PBXFileReference; lastKnownFileType = sourcecode.c.objc; path = YHHorizontalBarChartView.m; sourceTree = "<group>"; };
		77714A38202158FB004DD6EB /* YHVerticalBarChartView.h */ = {isa = PBXFileReference; lastKnownFileType = sourcecode.c.h; path = YHVerticalBarChartView.h; sourceTree = "<group>"; };
		77714A39202158FB004DD6EB /* YHVerticalBarChartView.m */ = {isa = PBXFileReference; lastKnownFileType = sourcecode.c.objc; path = YHVerticalBarChartView.m; sourceTree = "<group>"; };
		77714A3B20215909004DD6EB /* VerticalBarChartViewController.h */ = {isa = PBXFileReference; lastKnownFileType = sourcecode.c.h; path = VerticalBarChartViewController.h; sourceTree = "<group>"; };
		77714A3C20215909004DD6EB /* VerticalBarChartViewController.m */ = {isa = PBXFileReference; lastKnownFileType = sourcecode.c.objc; path = VerticalBarChartViewController.m; sourceTree = "<group>"; };
		77BE096A20457B8D009712CC /* BaseChartViewController.h */ = {isa = PBXFileReference; lastKnownFileType = sourcecode.c.h; path = BaseChartViewController.h; sourceTree = "<group>"; };
		77BE096B20457B8D009712CC /* BaseChartViewController.m */ = {isa = PBXFileReference; lastKnownFileType = sourcecode.c.objc; path = BaseChartViewController.m; sourceTree = "<group>"; };
		77E4ABE52022EE5800568AFA /* UIColor+HexColor.h */ = {isa = PBXFileReference; lastKnownFileType = sourcecode.c.h; path = "UIColor+HexColor.h"; sourceTree = "<group>"; };
		77E4ABE62022EE5800568AFA /* UIColor+HexColor.m */ = {isa = PBXFileReference; lastKnownFileType = sourcecode.c.objc; path = "UIColor+HexColor.m"; sourceTree = "<group>"; };
		77E4AC04202862D500568AFA /* NSString+Extra.h */ = {isa = PBXFileReference; lastKnownFileType = sourcecode.c.h; path = "NSString+Extra.h"; sourceTree = "<group>"; };
		77E4AC05202862D500568AFA /* NSString+Extra.m */ = {isa = PBXFileReference; lastKnownFileType = sourcecode.c.objc; path = "NSString+Extra.m"; sourceTree = "<group>"; };
/* End PBXFileReference section */

/* Begin PBXFrameworksBuildPhase section */
		776FC1892011F04100CDF3E6 /* Frameworks */ = {
			isa = PBXFrameworksBuildPhase;
			buildActionMask = 2147483647;
			files = (
			);
			runOnlyForDeploymentPostprocessing = 0;
		};
/* End PBXFrameworksBuildPhase section */

/* Begin PBXGroup section */
		6F43F36C204D940C00EA7DCD /* SemaphoreDemo */ = {
			isa = PBXGroup;
			children = (
				6F43F36D204D945500EA7DCD /* SemaphoreViewController.h */,
				6F43F36E204D945500EA7DCD /* SemaphoreViewController.m */,
			);
			path = SemaphoreDemo;
			sourceTree = "<group>";
		};
		6F43F3702056C38F00EA7DCD /* RespondChainDemo */ = {
			isa = PBXGroup;
			children = (
				6F43F3712056C3BC00EA7DCD /* RespondChainViewController.h */,
				6F43F3722056C3BC00EA7DCD /* RespondChainViewController.m */,
				6F43F3742056C3DC00EA7DCD /* View1.h */,
				6F43F3752056C3DC00EA7DCD /* View1.m */,
				6F43F3772056C3EF00EA7DCD /* View11.h */,
				6F43F3782056C3EF00EA7DCD /* View11.m */,
			);
			path = RespondChainDemo;
			sourceTree = "<group>";
		};
		6F43F37A20581BED00EA7DCD /* CopyStrongDemo */ = {
			isa = PBXGroup;
			children = (
				6F43F37B20581D8600EA7DCD /* CopyStrongDemoViewController.h */,
				6F43F37C20581D8600EA7DCD /* CopyStrongDemoViewController.m */,
			);
			path = CopyStrongDemo;
			sourceTree = "<group>";
		};
		776FC1832011F04100CDF3E6 = {
			isa = PBXGroup;
			children = (
				776FC18E2011F04100CDF3E6 /* YHDailyDemo */,
				776FC18D2011F04100CDF3E6 /* Products */,
			);
			sourceTree = "<group>";
		};
		776FC18D2011F04100CDF3E6 /* Products */ = {
			isa = PBXGroup;
			children = (
				776FC18C2011F04100CDF3E6 /* YHDailyDemo.app */,
			);
			name = Products;
			sourceTree = "<group>";
		};
		776FC18E2011F04100CDF3E6 /* YHDailyDemo */ = {
			isa = PBXGroup;
			children = (
				776FC1A52011F08200CDF3E6 /* RootTableViewController.h */,
				776FC1A62011F08200CDF3E6 /* RootTableViewController.m */,
				77BE096A20457B8D009712CC /* BaseChartViewController.h */,
				77BE096B20457B8D009712CC /* BaseChartViewController.m */,
				776FC18F2011F04100CDF3E6 /* AppDelegate.h */,
				776FC1902011F04100CDF3E6 /* AppDelegate.m */,
				6F43F37A20581BED00EA7DCD /* CopyStrongDemo */,
				6F43F3702056C38F00EA7DCD /* RespondChainDemo */,
				6F43F36C204D940C00EA7DCD /* SemaphoreDemo */,
				77E4ABFB2024789C00568AFA /* YHChartViewCommon */,
				77714A37202158C8004DD6EB /* VerticalBarChar */,
				77714A2F20200B31004DD6EB /* HorizontalBarChart */,
				77714A25201B46F4004DD6EB /* LineChart */,
				77714A24201B4691004DD6EB /* FindMaxAndMinNumber */,
				77714A23201B4664004DD6EB /* DrawView */,
				776FC1952011F04100CDF3E6 /* Main.storyboard */,
				776FC1982011F04100CDF3E6 /* Assets.xcassets */,
				776FC19A2011F04100CDF3E6 /* LaunchScreen.storyboard */,
				776FC19D2011F04100CDF3E6 /* Info.plist */,
				776FC19E2011F04100CDF3E6 /* main.m */,
			);
			path = YHDailyDemo;
			sourceTree = "<group>";
		};
		77714A23201B4664004DD6EB /* DrawView */ = {
			isa = PBXGroup;
			children = (
				776FC1A82011F53000CDF3E6 /* DrawViewController.h */,
				776FC1A92011F53000CDF3E6 /* DrawViewController.m */,
				776FC1AB2011F69600CDF3E6 /* CoreGraphicDrawView.h */,
				776FC1AC2011F69600CDF3E6 /* CoreGraphicDrawView.m */,
				776FC1AE2012204400CDF3E6 /* CoreAnimationDrawView.h */,
				776FC1AF2012204400CDF3E6 /* CoreAnimationDrawView.m */,
			);
			name = DrawView;
			sourceTree = "<group>";
		};
		77714A24201B4691004DD6EB /* FindMaxAndMinNumber */ = {
			isa = PBXGroup;
			children = (
				776FC1922011F04100CDF3E6 /* FindMaxAndMinNumberViewController.h */,
				776FC1932011F04100CDF3E6 /* FindMaxAndMinNumberViewController.m */,
			);
			path = FindMaxAndMinNumber;
			sourceTree = "<group>";
		};
		77714A25201B46F4004DD6EB /* LineChart */ = {
			isa = PBXGroup;
			children = (
				77714A26201B4725004DD6EB /* YHLineChartView.h */,
				77714A27201B4725004DD6EB /* YHLineChartView.m */,
				77714A29201EB312004DD6EB /* LineChartViewController.h */,
				77714A2A201EB312004DD6EB /* LineChartViewController.m */,
			);
			name = LineChart;
			sourceTree = "<group>";
		};
		77714A2F20200B31004DD6EB /* HorizontalBarChart */ = {
			isa = PBXGroup;
			children = (
				77714A3020200B6E004DD6EB /* HorizontalBarChartViewController.h */,
				77714A3120200B6E004DD6EB /* HorizontalBarChartViewController.m */,
				77714A3320200B94004DD6EB /* YHHorizontalBarChartView.h */,
				77714A3420200B94004DD6EB /* YHHorizontalBarChartView.m */,
			);
			name = HorizontalBarChart;
			sourceTree = "<group>";
		};
		77714A37202158C8004DD6EB /* VerticalBarChar */ = {
			isa = PBXGroup;
			children = (
				77714A38202158FB004DD6EB /* YHVerticalBarChartView.h */,
				77714A39202158FB004DD6EB /* YHVerticalBarChartView.m */,
				77714A3B20215909004DD6EB /* VerticalBarChartViewController.h */,
				77714A3C20215909004DD6EB /* VerticalBarChartViewController.m */,
			);
			name = VerticalBarChar;
			sourceTree = "<group>";
		};
		77E4ABFB2024789C00568AFA /* YHChartViewCommon */ = {
			isa = PBXGroup;
			children = (
				7721C3E6202C2A9000859A67 /* YHBaseChartMethodProtocol.h */,
				7721C3E5202C2A9000859A67 /* YHBaseChartView.h */,
				7721C3E7202C2A9100859A67 /* YHBaseChartView.m */,
				7721C3E3202C2A9000859A67 /* YHCommonChartViewDelegate.h */,
				7721C3E4202C2A9000859A67 /* YHCommonHeader.h */,
				77E4ABE52022EE5800568AFA /* UIColor+HexColor.h */,
				77E4ABE62022EE5800568AFA /* UIColor+HexColor.m */,
				77E4AC04202862D500568AFA /* NSString+Extra.h */,
				77E4AC05202862D500568AFA /* NSString+Extra.m */,
			);
			path = YHChartViewCommon;
			sourceTree = "<group>";
		};
/* End PBXGroup section */

/* Begin PBXNativeTarget section */
		776FC18B2011F04100CDF3E6 /* YHDailyDemo */ = {
			isa = PBXNativeTarget;
			buildConfigurationList = 776FC1A22011F04100CDF3E6 /* Build configuration list for PBXNativeTarget "YHDailyDemo" */;
			buildPhases = (
				776FC1882011F04100CDF3E6 /* Sources */,
				776FC1892011F04100CDF3E6 /* Frameworks */,
				776FC18A2011F04100CDF3E6 /* Resources */,
			);
			buildRules = (
			);
			dependencies = (
			);
			name = YHDailyDemo;
			productName = YHDailyDemo;
			productReference = 776FC18C2011F04100CDF3E6 /* YHDailyDemo.app */;
			productType = "com.apple.product-type.application";
		};
/* End PBXNativeTarget section */

/* Begin PBXProject section */
		776FC1842011F04100CDF3E6 /* Project object */ = {
			isa = PBXProject;
			attributes = {
				LastUpgradeCheck = 0920;
				ORGANIZATIONNAME = "杨虎";
				TargetAttributes = {
					776FC18B2011F04100CDF3E6 = {
						CreatedOnToolsVersion = 9.2;
						ProvisioningStyle = Automatic;
					};
				};
			};
			buildConfigurationList = 776FC1872011F04100CDF3E6 /* Build configuration list for PBXProject "YHDailyDemo" */;
			compatibilityVersion = "Xcode 8.0";
			developmentRegion = en;
			hasScannedForEncodings = 0;
			knownRegions = (
				en,
				Base,
			);
			mainGroup = 776FC1832011F04100CDF3E6;
			productRefGroup = 776FC18D2011F04100CDF3E6 /* Products */;
			projectDirPath = "";
			projectRoot = "";
			targets = (
				776FC18B2011F04100CDF3E6 /* YHDailyDemo */,
			);
		};
/* End PBXProject section */

/* Begin PBXResourcesBuildPhase section */
		776FC18A2011F04100CDF3E6 /* Resources */ = {
			isa = PBXResourcesBuildPhase;
			buildActionMask = 2147483647;
			files = (
				776FC19C2011F04100CDF3E6 /* LaunchScreen.storyboard in Resources */,
				776FC1992011F04100CDF3E6 /* Assets.xcassets in Resources */,
				776FC1972011F04100CDF3E6 /* Main.storyboard in Resources */,
			);
			runOnlyForDeploymentPostprocessing = 0;
		};
/* End PBXResourcesBuildPhase section */

/* Begin PBXSourcesBuildPhase section */
		776FC1882011F04100CDF3E6 /* Sources */ = {
			isa = PBXSourcesBuildPhase;
			buildActionMask = 2147483647;
			files = (
				776FC1942011F04100CDF3E6 /* FindMaxAndMinNumberViewController.m in Sources */,
				6F43F36F204D945500EA7DCD /* SemaphoreViewController.m in Sources */,
				776FC1AA2011F53000CDF3E6 /* DrawViewController.m in Sources */,
				7721C3E8202C2A9100859A67 /* YHBaseChartView.m in Sources */,
				77E4AC06202862D500568AFA /* NSString+Extra.m in Sources */,
				77714A2B201EB312004DD6EB /* LineChartViewController.m in Sources */,
				6F43F3762056C3DC00EA7DCD /* View1.m in Sources */,
				77BE096C20457B8D009712CC /* BaseChartViewController.m in Sources */,
				6F43F3792056C3EF00EA7DCD /* View11.m in Sources */,
				6F43F3732056C3BC00EA7DCD /* RespondChainViewController.m in Sources */,
				77714A3520200B94004DD6EB /* YHHorizontalBarChartView.m in Sources */,
				776FC1AD2011F69600CDF3E6 /* CoreGraphicDrawView.m in Sources */,
				776FC1B02012204400CDF3E6 /* CoreAnimationDrawView.m in Sources */,
				776FC19F2011F04100CDF3E6 /* main.m in Sources */,
				77E4ABE72022EE5800568AFA /* UIColor+HexColor.m in Sources */,
				776FC1912011F04100CDF3E6 /* AppDelegate.m in Sources */,
				77714A3220200B6E004DD6EB /* HorizontalBarChartViewController.m in Sources */,
				77714A3D20215909004DD6EB /* VerticalBarChartViewController.m in Sources */,
				77714A3A202158FB004DD6EB /* YHVerticalBarChartView.m in Sources */,
				776FC1A72011F08200CDF3E6 /* RootTableViewController.m in Sources */,
				77714A28201B4725004DD6EB /* YHLineChartView.m in Sources */,
				6F43F37D20581D8600EA7DCD /* CopyStrongDemoViewController.m in Sources */,
			);
			runOnlyForDeploymentPostprocessing = 0;
		};
/* End PBXSourcesBuildPhase section */

/* Begin PBXVariantGroup section */
		776FC1952011F04100CDF3E6 /* Main.storyboard */ = {
			isa = PBXVariantGroup;
			children = (
				776FC1962011F04100CDF3E6 /* Base */,
			);
			name = Main.storyboard;
			sourceTree = "<group>";
		};
		776FC19A2011F04100CDF3E6 /* LaunchScreen.storyboard */ = {
			isa = PBXVariantGroup;
			children = (
				776FC19B2011F04100CDF3E6 /* Base */,
			);
			name = LaunchScreen.storyboard;
			sourceTree = "<group>";
		};
/* End PBXVariantGroup section */

/* Begin XCBuildConfiguration section */
		776FC1A02011F04100CDF3E6 /* Debug */ = {
			isa = XCBuildConfiguration;
			buildSettings = {
				ALWAYS_SEARCH_USER_PATHS = NO;
				CLANG_ANALYZER_NONNULL = YES;
				CLANG_ANALYZER_NUMBER_OBJECT_CONVERSION = YES_AGGRESSIVE;
				CLANG_CXX_LANGUAGE_STANDARD = "gnu++14";
				CLANG_CXX_LIBRARY = "libc++";
				CLANG_ENABLE_MODULES = YES;
				CLANG_ENABLE_OBJC_ARC = YES;
				CLANG_WARN_BLOCK_CAPTURE_AUTORELEASING = YES;
				CLANG_WARN_BOOL_CONVERSION = YES;
				CLANG_WARN_COMMA = YES;
				CLANG_WARN_CONSTANT_CONVERSION = YES;
				CLANG_WARN_DIRECT_OBJC_ISA_USAGE = YES_ERROR;
				CLANG_WARN_DOCUMENTATION_COMMENTS = YES;
				CLANG_WARN_EMPTY_BODY = YES;
				CLANG_WARN_ENUM_CONVERSION = YES;
				CLANG_WARN_INFINITE_RECURSION = YES;
				CLANG_WARN_INT_CONVERSION = YES;
				CLANG_WARN_NON_LITERAL_NULL_CONVERSION = YES;
				CLANG_WARN_OBJC_LITERAL_CONVERSION = YES;
				CLANG_WARN_OBJC_ROOT_CLASS = YES_ERROR;
				CLANG_WARN_RANGE_LOOP_ANALYSIS = YES;
				CLANG_WARN_STRICT_PROTOTYPES = YES;
				CLANG_WARN_SUSPICIOUS_MOVE = YES;
				CLANG_WARN_UNGUARDED_AVAILABILITY = YES_AGGRESSIVE;
				CLANG_WARN_UNREACHABLE_CODE = YES;
				CLANG_WARN__DUPLICATE_METHOD_MATCH = YES;
				CODE_SIGN_IDENTITY = "iPhone Developer";
				COPY_PHASE_STRIP = NO;
				DEBUG_INFORMATION_FORMAT = dwarf;
				ENABLE_STRICT_OBJC_MSGSEND = YES;
				ENABLE_TESTABILITY = YES;
				GCC_C_LANGUAGE_STANDARD = gnu11;
				GCC_DYNAMIC_NO_PIC = NO;
				GCC_NO_COMMON_BLOCKS = YES;
				GCC_OPTIMIZATION_LEVEL = 0;
				GCC_PREPROCESSOR_DEFINITIONS = (
					"DEBUG=1",
					"$(inherited)",
				);
				GCC_WARN_64_TO_32_BIT_CONVERSION = YES;
				GCC_WARN_ABOUT_RETURN_TYPE = YES_ERROR;
				GCC_WARN_UNDECLARED_SELECTOR = YES;
				GCC_WARN_UNINITIALIZED_AUTOS = YES_AGGRESSIVE;
				GCC_WARN_UNUSED_FUNCTION = YES;
				GCC_WARN_UNUSED_VARIABLE = YES;
				IPHONEOS_DEPLOYMENT_TARGET = 11.2;
				MTL_ENABLE_DEBUG_INFO = YES;
				ONLY_ACTIVE_ARCH = YES;
				SDKROOT = iphoneos;
			};
			name = Debug;
		};
		776FC1A12011F04100CDF3E6 /* Release */ = {
			isa = XCBuildConfiguration;
			buildSettings = {
				ALWAYS_SEARCH_USER_PATHS = NO;
				CLANG_ANALYZER_NONNULL = YES;
				CLANG_ANALYZER_NUMBER_OBJECT_CONVERSION = YES_AGGRESSIVE;
				CLANG_CXX_LANGUAGE_STANDARD = "gnu++14";
				CLANG_CXX_LIBRARY = "libc++";
				CLANG_ENABLE_MODULES = YES;
				CLANG_ENABLE_OBJC_ARC = YES;
				CLANG_WARN_BLOCK_CAPTURE_AUTORELEASING = YES;
				CLANG_WARN_BOOL_CONVERSION = YES;
				CLANG_WARN_COMMA = YES;
				CLANG_WARN_CONSTANT_CONVERSION = YES;
				CLANG_WARN_DIRECT_OBJC_ISA_USAGE = YES_ERROR;
				CLANG_WARN_DOCUMENTATION_COMMENTS = YES;
				CLANG_WARN_EMPTY_BODY = YES;
				CLANG_WARN_ENUM_CONVERSION = YES;
				CLANG_WARN_INFINITE_RECURSION = YES;
				CLANG_WARN_INT_CONVERSION = YES;
				CLANG_WARN_NON_LITERAL_NULL_CONVERSION = YES;
				CLANG_WARN_OBJC_LITERAL_CONVERSION = YES;
				CLANG_WARN_OBJC_ROOT_CLASS = YES_ERROR;
				CLANG_WARN_RANGE_LOOP_ANALYSIS = YES;
				CLANG_WARN_STRICT_PROTOTYPES = YES;
				CLANG_WARN_SUSPICIOUS_MOVE = YES;
				CLANG_WARN_UNGUARDED_AVAILABILITY = YES_AGGRESSIVE;
				CLANG_WARN_UNREACHABLE_CODE = YES;
				CLANG_WARN__DUPLICATE_METHOD_MATCH = YES;
				CODE_SIGN_IDENTITY = "iPhone Developer";
				COPY_PHASE_STRIP = NO;
				DEBUG_INFORMATION_FORMAT = "dwarf-with-dsym";
				ENABLE_NS_ASSERTIONS = NO;
				ENABLE_STRICT_OBJC_MSGSEND = YES;
				GCC_C_LANGUAGE_STANDARD = gnu11;
				GCC_NO_COMMON_BLOCKS = YES;
				GCC_WARN_64_TO_32_BIT_CONVERSION = YES;
				GCC_WARN_ABOUT_RETURN_TYPE = YES_ERROR;
				GCC_WARN_UNDECLARED_SELECTOR = YES;
				GCC_WARN_UNINITIALIZED_AUTOS = YES_AGGRESSIVE;
				GCC_WARN_UNUSED_FUNCTION = YES;
				GCC_WARN_UNUSED_VARIABLE = YES;
				IPHONEOS_DEPLOYMENT_TARGET = 11.2;
				MTL_ENABLE_DEBUG_INFO = NO;
				SDKROOT = iphoneos;
				VALIDATE_PRODUCT = YES;
			};
			name = Release;
		};
		776FC1A32011F04100CDF3E6 /* Debug */ = {
			isa = XCBuildConfiguration;
			buildSettings = {
				ASSETCATALOG_COMPILER_APPICON_NAME = AppIcon;
				CODE_SIGN_STYLE = Automatic;
				DEVELOPMENT_TEAM = 7EZ23W2MEV;
				INFOPLIST_FILE = YHDailyDemo/Info.plist;
				LD_RUNPATH_SEARCH_PATHS = "$(inherited) @executable_path/Frameworks";
				PRODUCT_BUNDLE_IDENTIFIER = com.yanghu.YHDailyDemo;
				PRODUCT_NAME = "$(TARGET_NAME)";
				TARGETED_DEVICE_FAMILY = "1,2";
			};
			name = Debug;
		};
		776FC1A42011F04100CDF3E6 /* Release */ = {
			isa = XCBuildConfiguration;
			buildSettings = {
				ASSETCATALOG_COMPILER_APPICON_NAME = AppIcon;
				CODE_SIGN_STYLE = Automatic;
				DEVELOPMENT_TEAM = 7EZ23W2MEV;
				INFOPLIST_FILE = YHDailyDemo/Info.plist;
				LD_RUNPATH_SEARCH_PATHS = "$(inherited) @executable_path/Frameworks";
				PRODUCT_BUNDLE_IDENTIFIER = com.yanghu.YHDailyDemo;
				PRODUCT_NAME = "$(TARGET_NAME)";
				TARGETED_DEVICE_FAMILY = "1,2";
			};
			name = Release;
		};
/* End XCBuildConfiguration section */

/* Begin XCConfigurationList section */
		776FC1872011F04100CDF3E6 /* Build configuration list for PBXProject "YHDailyDemo" */ = {
			isa = XCConfigurationList;
			buildConfigurations = (
				776FC1A02011F04100CDF3E6 /* Debug */,
				776FC1A12011F04100CDF3E6 /* Release */,
			);
			defaultConfigurationIsVisible = 0;
			defaultConfigurationName = Release;
		};
		776FC1A22011F04100CDF3E6 /* Build configuration list for PBXNativeTarget "YHDailyDemo" */ = {
			isa = XCConfigurationList;
			buildConfigurations = (
				776FC1A32011F04100CDF3E6 /* Debug */,
				776FC1A42011F04100CDF3E6 /* Release */,
			);
			defaultConfigurationIsVisible = 0;
			defaultConfigurationName = Release;
		};
/* End XCConfigurationList section */
	};
	rootObject = 776FC1842011F04100CDF3E6 /* Project object */;
}
