// !$*UTF8*$!
{
	archiveVersion = 1;
	classes = {
	};
	objectVersion = 48;
	objects = {

/* Begin PBXBuildFile section */
		6F04EA81206F3E5100837529 /* NSUserDefaultsSaveObjectViewController.m in Sources */ = {isa = PBXBuildFile; fileRef = 6F04EA80206F3E5100837529 /* NSUserDefaultsSaveObjectViewController.m */; };
		6F04EA84206F402200837529 /* CustomizeObject.m in Sources */ = {isa = PBXBuildFile; fileRef = 6F04EA83206F402200837529 /* CustomizeObject.m */; };
		6F404C43206F6A4200FB53F6 /* IPConvertNumDemoViewController.m in Sources */ = {isa = PBXBuildFile; fileRef = 6F404C42206F6A4200FB53F6 /* IPConvertNumDemoViewController.m */; };
		6F404C47206FB91200FB53F6 /* NestedBlockDemoViewController.m in Sources */ = {isa = PBXBuildFile; fileRef = 6F404C46206FB91200FB53F6 /* NestedBlockDemoViewController.m */; };
		6F43F36F204D945500EA7DCD /* SemaphoreViewController.m in Sources */ = {isa = PBXBuildFile; fileRef = 6F43F36E204D945500EA7DCD /* SemaphoreViewController.m */; };
		6F43F3732056C3BC00EA7DCD /* RespondChainViewController.m in Sources */ = {isa = PBXBuildFile; fileRef = 6F43F3722056C3BC00EA7DCD /* RespondChainViewController.m */; };
		6F43F3762056C3DC00EA7DCD /* View1.m in Sources */ = {isa = PBXBuildFile; fileRef = 6F43F3752056C3DC00EA7DCD /* View1.m */; };
		6F43F3792056C3EF00EA7DCD /* View11.m in Sources */ = {isa = PBXBuildFile; fileRef = 6F43F3782056C3EF00EA7DCD /* View11.m */; };
		6F43F37D20581D8600EA7DCD /* CopyStrongDemoViewController.m in Sources */ = {isa = PBXBuildFile; fileRef = 6F43F37C20581D8600EA7DCD /* CopyStrongDemoViewController.m */; };
		6F43F381205E9D3500EA7DCD /* NSProxyDemoViewController.m in Sources */ = {isa = PBXBuildFile; fileRef = 6F43F380205E9D3500EA7DCD /* NSProxyDemoViewController.m */; };
		6F43F384205E9E0100EA7DCD /* YHWeakProxy.m in Sources */ = {isa = PBXBuildFile; fileRef = 6F43F383205E9E0100EA7DCD /* YHWeakProxy.m */; };
		6F43F387205EA44500EA7DCD /* SecondPageViewController.m in Sources */ = {isa = PBXBuildFile; fileRef = 6F43F386205EA44500EA7DCD /* SecondPageViewController.m */; };
		6F43F38B205EB48100EA7DCD /* NSProxyMultiInheritDemoViewController.m in Sources */ = {isa = PBXBuildFile; fileRef = 6F43F38A205EB48000EA7DCD /* NSProxyMultiInheritDemoViewController.m */; };
		6F43F38E205EB4B200EA7DCD /* YHMultiInheritProxy.m in Sources */ = {isa = PBXBuildFile; fileRef = 6F43F38D205EB4B200EA7DCD /* YHMultiInheritProxy.m */; };
		6F43F391205EB6CC00EA7DCD /* YHBookProvider.m in Sources */ = {isa = PBXBuildFile; fileRef = 6F43F390205EB6CC00EA7DCD /* YHBookProvider.m */; };
		6F43F394205EB6E600EA7DCD /* YHClothesProvider.m in Sources */ = {isa = PBXBuildFile; fileRef = 6F43F393205EB6E600EA7DCD /* YHClothesProvider.m */; };
		6F43F3982063F8F900EA7DCD /* LockDemoViewController.m in Sources */ = {isa = PBXBuildFile; fileRef = 6F43F3972063F8F900EA7DCD /* LockDemoViewController.m */; };
		6FCD3C39206E867D00FD504B /* RevertStringDemoViewController.m in Sources */ = {isa = PBXBuildFile; fileRef = 6FCD3C38206E867D00FD504B /* RevertStringDemoViewController.m */; };
		6FF94E952067BDEC00475287 /* AssignObjectDemoViewController.m in Sources */ = {isa = PBXBuildFile; fileRef = 6FF94E942067BDEC00475287 /* AssignObjectDemoViewController.m */; };
		6FF94E9A2067C8C600475287 /* WeakStrongObjectDemoViewController.m in Sources */ = {isa = PBXBuildFile; fileRef = 6FF94E992067C8C600475287 /* WeakStrongObjectDemoViewController.m */; };
		7721C3E8202C2A9100859A67 /* YHBaseChartView.m in Sources */ = {isa = PBXBuildFile; fileRef = 7721C3E7202C2A9100859A67 /* YHBaseChartView.m */; };
		776B4E0A206CE2EA00443D92 /* MemoryMapDemoViewController.m in Sources */ = {isa = PBXBuildFile; fileRef = 776B4E09206CE2EA00443D92 /* MemoryMapDemoViewController.m */; };
		776B4E0D206CE37800443D92 /* SourceTree_2.0.5.5.dmg in Resources */ = {isa = PBXBuildFile; fileRef = 776B4E0C206CE37800443D92 /* SourceTree_2.0.5.5.dmg */; };
		776FC1912011F04100CDF3E6 /* AppDelegate.m in Sources */ = {isa = PBXBuildFile; fileRef = 776FC1902011F04100CDF3E6 /* AppDelegate.m */; };
		776FC1942011F04100CDF3E6 /* FindMaxAndMinNumberViewController.m in Sources */ = {isa = PBXBuildFile; fileRef = 776FC1932011F04100CDF3E6 /* FindMaxAndMinNumberViewController.m */; };
		776FC1972011F04100CDF3E6 /* Main.storyboard in Resources */ = {isa = PBXBuildFile; fileRef = 776FC1952011F04100CDF3E6 /* Main.storyboard */; };
		776FC1992011F04100CDF3E6 /* Assets.xcassets in Resources */ = {isa = PBXBuildFile; fileRef = 776FC1982011F04100CDF3E6 /* Assets.xcassets */; };
		776FC19C2011F04100CDF3E6 /* LaunchScreen.storyboard in Resources */ = {isa = PBXBuildFile; fileRef = 776FC19A2011F04100CDF3E6 /* LaunchScreen.storyboard */; };
		776FC19F2011F04100CDF3E6 /* main.m in Sources */ = {isa = PBXBuildFile; fileRef = 776FC19E2011F04100CDF3E6 /* main.m */; };
		776FC1A72011F08200CDF3E6 /* RootTableViewController.m in Sources */ = {isa = PBXBuildFile; fileRef = 776FC1A62011F08200CDF3E6 /* RootTableViewController.m */; };
		776FC1AA2011F53000CDF3E6 /* DrawViewController.m in Sources */ = {isa = PBXBuildFile; fileRef = 776FC1A92011F53000CDF3E6 /* DrawViewController.m */; };
		776FC1AD2011F69600CDF3E6 /* CoreGraphicDrawView.m in Sources */ = {isa = PBXBuildFile; fileRef = 776FC1AC2011F69600CDF3E6 /* CoreGraphicDrawView.m */; };
		776FC1B02012204400CDF3E6 /* CoreAnimationDrawView.m in Sources */ = {isa = PBXBuildFile; fileRef = 776FC1AF2012204400CDF3E6 /* CoreAnimationDrawView.m */; };
		77714A28201B4725004DD6EB /* YHLineChartView.m in Sources */ = {isa = PBXBuildFile; fileRef = 77714A27201B4725004DD6EB /* YHLineChartView.m */; };
		77714A2B201EB312004DD6EB /* LineChartViewController.m in Sources */ = {isa = PBXBuildFile; fileRef = 77714A2A201EB312004DD6EB /* LineChartViewController.m */; };
		77714A3220200B6E004DD6EB /* HorizontalBarChartViewController.m in Sources */ = {isa = PBXBuildFile; fileRef = 77714A3120200B6E004DD6EB /* HorizontalBarChartViewController.m */; };
		77714A3520200B94004DD6EB /* YHHorizontalBarChartView.m in Sources */ = {isa = PBXBuildFile; fileRef = 77714A3420200B94004DD6EB /* YHHorizontalBarChartView.m */; };
		77714A3A202158FB004DD6EB /* YHVerticalBarChartView.m in Sources */ = {isa = PBXBuildFile; fileRef = 77714A39202158FB004DD6EB /* YHVerticalBarChartView.m */; };
		77714A3D20215909004DD6EB /* VerticalBarChartViewController.m in Sources */ = {isa = PBXBuildFile; fileRef = 77714A3C20215909004DD6EB /* VerticalBarChartViewController.m */; };
		77BE096C20457B8D009712CC /* BaseChartViewController.m in Sources */ = {isa = PBXBuildFile; fileRef = 77BE096B20457B8D009712CC /* BaseChartViewController.m */; };
		77E4ABE72022EE5800568AFA /* UIColor+HexColor.m in Sources */ = {isa = PBXBuildFile; fileRef = 77E4ABE62022EE5800568AFA /* UIColor+HexColor.m */; };
		77E4AC06202862D500568AFA /* NSString+Extra.m in Sources */ = {isa = PBXBuildFile; fileRef = 77E4AC05202862D500568AFA /* NSString+Extra.m */; };
/* End PBXBuildFile section */

/* Begin PBXFileReference section */
		6F04EA7F206F3E5100837529 /* NSUserDefaultsSaveObjectViewController.h */ = {isa = PBXFileReference; lastKnownFileType = sourcecode.c.h; path = NSUserDefaultsSaveObjectViewController.h; sourceTree = "<group>"; };
		6F04EA80206F3E5100837529 /* NSUserDefaultsSaveObjectViewController.m */ = {isa = PBXFileReference; lastKnownFileType = sourcecode.c.objc; path = NSUserDefaultsSaveObjectViewController.m; sourceTree = "<group>"; };
		6F04EA82206F402200837529 /* CustomizeObject.h */ = {isa = PBXFileReference; lastKnownFileType = sourcecode.c.h; path = CustomizeObject.h; sourceTree = "<group>"; };
		6F04EA83206F402200837529 /* CustomizeObject.m */ = {isa = PBXFileReference; lastKnownFileType = sourcecode.c.objc; path = CustomizeObject.m; sourceTree = "<group>"; };
		6F404C41206F6A4200FB53F6 /* IPConvertNumDemoViewController.h */ = {isa = PBXFileReference; lastKnownFileType = sourcecode.c.h; path = IPConvertNumDemoViewController.h; sourceTree = "<group>"; };
		6F404C42206F6A4200FB53F6 /* IPConvertNumDemoViewController.m */ = {isa = PBXFileReference; lastKnownFileType = sourcecode.c.objc; path = IPConvertNumDemoViewController.m; sourceTree = "<group>"; };
		6F404C45206FB91200FB53F6 /* NestedBlockDemoViewController.h */ = {isa = PBXFileReference; lastKnownFileType = sourcecode.c.h; path = NestedBlockDemoViewController.h; sourceTree = "<group>"; };
		6F404C46206FB91200FB53F6 /* NestedBlockDemoViewController.m */ = {isa = PBXFileReference; lastKnownFileType = sourcecode.c.objc; path = NestedBlockDemoViewController.m; sourceTree = "<group>"; };
		6F43F36D204D945500EA7DCD /* SemaphoreViewController.h */ = {isa = PBXFileReference; lastKnownFileType = sourcecode.c.h; path = SemaphoreViewController.h; sourceTree = "<group>"; };
		6F43F36E204D945500EA7DCD /* SemaphoreViewController.m */ = {isa = PBXFileReference; lastKnownFileType = sourcecode.c.objc; path = SemaphoreViewController.m; sourceTree = "<group>"; };
		6F43F3712056C3BC00EA7DCD /* RespondChainViewController.h */ = {isa = PBXFileReference; lastKnownFileType = sourcecode.c.h; path = RespondChainViewController.h; sourceTree = "<group>"; };
		6F43F3722056C3BC00EA7DCD /* RespondChainViewController.m */ = {isa = PBXFileReference; lastKnownFileType = sourcecode.c.objc; path = RespondChainViewController.m; sourceTree = "<group>"; };
		6F43F3742056C3DC00EA7DCD /* View1.h */ = {isa = PBXFileReference; lastKnownFileType = sourcecode.c.h; path = View1.h; sourceTree = "<group>"; };
		6F43F3752056C3DC00EA7DCD /* View1.m */ = {isa = PBXFileReference; lastKnownFileType = sourcecode.c.objc; path = View1.m; sourceTree = "<group>"; };
		6F43F3772056C3EF00EA7DCD /* View11.h */ = {isa = PBXFileReference; lastKnownFileType = sourcecode.c.h; path = View11.h; sourceTree = "<group>"; };
		6F43F3782056C3EF00EA7DCD /* View11.m */ = {isa = PBXFileReference; lastKnownFileType = sourcecode.c.objc; path = View11.m; sourceTree = "<group>"; };
		6F43F37B20581D8600EA7DCD /* CopyStrongDemoViewController.h */ = {isa = PBXFileReference; lastKnownFileType = sourcecode.c.h; path = CopyStrongDemoViewController.h; sourceTree = "<group>"; };
		6F43F37C20581D8600EA7DCD /* CopyStrongDemoViewController.m */ = {isa = PBXFileReference; lastKnownFileType = sourcecode.c.objc; path = CopyStrongDemoViewController.m; sourceTree = "<group>"; };
		6F43F37F205E9D3500EA7DCD /* NSProxyDemoViewController.h */ = {isa = PBXFileReference; lastKnownFileType = sourcecode.c.h; path = NSProxyDemoViewController.h; sourceTree = "<group>"; };
		6F43F380205E9D3500EA7DCD /* NSProxyDemoViewController.m */ = {isa = PBXFileReference; lastKnownFileType = sourcecode.c.objc; path = NSProxyDemoViewController.m; sourceTree = "<group>"; };
		6F43F382205E9E0100EA7DCD /* YHWeakProxy.h */ = {isa = PBXFileReference; lastKnownFileType = sourcecode.c.h; path = YHWeakProxy.h; sourceTree = "<group>"; };
		6F43F383205E9E0100EA7DCD /* YHWeakProxy.m */ = {isa = PBXFileReference; lastKnownFileType = sourcecode.c.objc; path = YHWeakProxy.m; sourceTree = "<group>"; };
		6F43F385205EA44500EA7DCD /* SecondPageViewController.h */ = {isa = PBXFileReference; lastKnownFileType = sourcecode.c.h; path = SecondPageViewController.h; sourceTree = "<group>"; };
		6F43F386205EA44500EA7DCD /* SecondPageViewController.m */ = {isa = PBXFileReference; lastKnownFileType = sourcecode.c.objc; path = SecondPageViewController.m; sourceTree = "<group>"; };
		6F43F389205EB48000EA7DCD /* NSProxyMultiInheritDemoViewController.h */ = {isa = PBXFileReference; lastKnownFileType = sourcecode.c.h; path = NSProxyMultiInheritDemoViewController.h; sourceTree = "<group>"; };
		6F43F38A205EB48000EA7DCD /* NSProxyMultiInheritDemoViewController.m */ = {isa = PBXFileReference; lastKnownFileType = sourcecode.c.objc; path = NSProxyMultiInheritDemoViewController.m; sourceTree = "<group>"; };
		6F43F38C205EB4B200EA7DCD /* YHMultiInheritProxy.h */ = {isa = PBXFileReference; lastKnownFileType = sourcecode.c.h; path = YHMultiInheritProxy.h; sourceTree = "<group>"; };
		6F43F38D205EB4B200EA7DCD /* YHMultiInheritProxy.m */ = {isa = PBXFileReference; lastKnownFileType = sourcecode.c.objc; path = YHMultiInheritProxy.m; sourceTree = "<group>"; };
		6F43F38F205EB6CC00EA7DCD /* YHBookProvider.h */ = {isa = PBXFileReference; lastKnownFileType = sourcecode.c.h; path = YHBookProvider.h; sourceTree = "<group>"; };
		6F43F390205EB6CC00EA7DCD /* YHBookProvider.m */ = {isa = PBXFileReference; lastKnownFileType = sourcecode.c.objc; path = YHBookProvider.m; sourceTree = "<group>"; };
		6F43F392205EB6E600EA7DCD /* YHClothesProvider.h */ = {isa = PBXFileReference; lastKnownFileType = sourcecode.c.h; path = YHClothesProvider.h; sourceTree = "<group>"; };
		6F43F393205EB6E600EA7DCD /* YHClothesProvider.m */ = {isa = PBXFileReference; lastKnownFileType = sourcecode.c.objc; path = YHClothesProvider.m; sourceTree = "<group>"; };
		6F43F3962063F8F900EA7DCD /* LockDemoViewController.h */ = {isa = PBXFileReference; lastKnownFileType = sourcecode.c.h; path = LockDemoViewController.h; sourceTree = "<group>"; };
		6F43F3972063F8F900EA7DCD /* LockDemoViewController.m */ = {isa = PBXFileReference; lastKnownFileType = sourcecode.c.objc; path = LockDemoViewController.m; sourceTree = "<group>"; };
		6FCD3C37206E867D00FD504B /* RevertStringDemoViewController.h */ = {isa = PBXFileReference; lastKnownFileType = sourcecode.c.h; path = RevertStringDemoViewController.h; sourceTree = "<group>"; };
		6FCD3C38206E867D00FD504B /* RevertStringDemoViewController.m */ = {isa = PBXFileReference; lastKnownFileType = sourcecode.c.objc; path = RevertStringDemoViewController.m; sourceTree = "<group>"; };
		6FF94E932067BDEC00475287 /* AssignObjectDemoViewController.h */ = {isa = PBXFileReference; lastKnownFileType = sourcecode.c.h; path = AssignObjectDemoViewController.h; sourceTree = "<group>"; };
		6FF94E942067BDEC00475287 /* AssignObjectDemoViewController.m */ = {isa = PBXFileReference; lastKnownFileType = sourcecode.c.objc; path = AssignObjectDemoViewController.m; sourceTree = "<group>"; };
		6FF94E982067C8C600475287 /* WeakStrongObjectDemoViewController.h */ = {isa = PBXFileReference; lastKnownFileType = sourcecode.c.h; path = WeakStrongObjectDemoViewController.h; sourceTree = "<group>"; };
		6FF94E992067C8C600475287 /* WeakStrongObjectDemoViewController.m */ = {isa = PBXFileReference; lastKnownFileType = sourcecode.c.objc; path = WeakStrongObjectDemoViewController.m; sourceTree = "<group>"; };
		7721C3E3202C2A9000859A67 /* YHCommonChartViewDelegate.h */ = {isa = PBXFileReference; fileEncoding = 4; lastKnownFileType = sourcecode.c.h; path = YHCommonChartViewDelegate.h; sourceTree = "<group>"; };
		7721C3E4202C2A9000859A67 /* YHCommonHeader.h */ = {isa = PBXFileReference; fileEncoding = 4; lastKnownFileType = sourcecode.c.h; path = YHCommonHeader.h; sourceTree = "<group>"; };
		7721C3E5202C2A9000859A67 /* YHBaseChartView.h */ = {isa = PBXFileReference; fileEncoding = 4; lastKnownFileType = sourcecode.c.h; path = YHBaseChartView.h; sourceTree = "<group>"; };
		7721C3E6202C2A9000859A67 /* YHBaseChartMethodProtocol.h */ = {isa = PBXFileReference; fileEncoding = 4; lastKnownFileType = sourcecode.c.h; path = YHBaseChartMethodProtocol.h; sourceTree = "<group>"; };
		7721C3E7202C2A9100859A67 /* YHBaseChartView.m */ = {isa = PBXFileReference; fileEncoding = 4; lastKnownFileType = sourcecode.c.objc; path = YHBaseChartView.m; sourceTree = "<group>"; };
		776B4E08206CE2EA00443D92 /* MemoryMapDemoViewController.h */ = {isa = PBXFileReference; lastKnownFileType = sourcecode.c.h; path = MemoryMapDemoViewController.h; sourceTree = "<group>"; };
		776B4E09206CE2EA00443D92 /* MemoryMapDemoViewController.m */ = {isa = PBXFileReference; lastKnownFileType = sourcecode.c.objc; path = MemoryMapDemoViewController.m; sourceTree = "<group>"; };
		776B4E0C206CE37800443D92 /* SourceTree_2.0.5.5.dmg */ = {isa = PBXFileReference; lastKnownFileType = file; path = SourceTree_2.0.5.5.dmg; sourceTree = "<group>"; };
		776FC18C2011F04100CDF3E6 /* YHDailyDemo.app */ = {isa = PBXFileReference; explicitFileType = wrapper.application; includeInIndex = 0; path = YHDailyDemo.app; sourceTree = BUILT_PRODUCTS_DIR; };
		776FC18F2011F04100CDF3E6 /* AppDelegate.h */ = {isa = PBXFileReference; lastKnownFileType = sourcecode.c.h; path = AppDelegate.h; sourceTree = "<group>"; };
		776FC1902011F04100CDF3E6 /* AppDelegate.m */ = {isa = PBXFileReference; lastKnownFileType = sourcecode.c.objc; path = AppDelegate.m; sourceTree = "<group>"; };
		776FC1922011F04100CDF3E6 /* FindMaxAndMinNumberViewController.h */ = {isa = PBXFileReference; lastKnownFileType = sourcecode.c.h; path = FindMaxAndMinNumberViewController.h; sourceTree = "<group>"; };
		776FC1932011F04100CDF3E6 /* FindMaxAndMinNumberViewController.m */ = {isa = PBXFileReference; lastKnownFileType = sourcecode.c.objc; path = FindMaxAndMinNumberViewController.m; sourceTree = "<group>"; };
		776FC1962011F04100CDF3E6 /* Base */ = {isa = PBXFileReference; lastKnownFileType = file.storyboard; name = Base; path = Base.lproj/Main.storyboard; sourceTree = "<group>"; };
		776FC1982011F04100CDF3E6 /* Assets.xcassets */ = {isa = PBXFileReference; lastKnownFileType = folder.assetcatalog; path = Assets.xcassets; sourceTree = "<group>"; };
		776FC19B2011F04100CDF3E6 /* Base */ = {isa = PBXFileReference; lastKnownFileType = file.storyboard; name = Base; path = Base.lproj/LaunchScreen.storyboard; sourceTree = "<group>"; };
		776FC19D2011F04100CDF3E6 /* Info.plist */ = {isa = PBXFileReference; lastKnownFileType = text.plist.xml; path = Info.plist; sourceTree = "<group>"; };
		776FC19E2011F04100CDF3E6 /* main.m */ = {isa = PBXFileReference; lastKnownFileType = sourcecode.c.objc; path = main.m; sourceTree = "<group>"; };
		776FC1A52011F08200CDF3E6 /* RootTableViewController.h */ = {isa = PBXFileReference; fileEncoding = 4; lastKnownFileType = sourcecode.c.h; path = RootTableViewController.h; sourceTree = "<group>"; };
		776FC1A62011F08200CDF3E6 /* RootTableViewController.m */ = {isa = PBXFileReference; fileEncoding = 4; lastKnownFileType = sourcecode.c.objc; path = RootTableViewController.m; sourceTree = "<group>"; };
		776FC1A82011F53000CDF3E6 /* DrawViewController.h */ = {isa = PBXFileReference; lastKnownFileType = sourcecode.c.h; path = DrawViewController.h; sourceTree = "<group>"; };
		776FC1A92011F53000CDF3E6 /* DrawViewController.m */ = {isa = PBXFileReference; lastKnownFileType = sourcecode.c.objc; path = DrawViewController.m; sourceTree = "<group>"; };
		776FC1AB2011F69600CDF3E6 /* CoreGraphicDrawView.h */ = {isa = PBXFileReference; lastKnownFileType = sourcecode.c.h; path = CoreGraphicDrawView.h; sourceTree = "<group>"; };
		776FC1AC2011F69600CDF3E6 /* CoreGraphicDrawView.m */ = {isa = PBXFileReference; lastKnownFileType = sourcecode.c.objc; path = CoreGraphicDrawView.m; sourceTree = "<group>"; };
		776FC1AE2012204400CDF3E6 /* CoreAnimationDrawView.h */ = {isa = PBXFileReference; lastKnownFileType = sourcecode.c.h; path = CoreAnimationDrawView.h; sourceTree = "<group>"; };
		776FC1AF2012204400CDF3E6 /* CoreAnimationDrawView.m */ = {isa = PBXFileReference; lastKnownFileType = sourcecode.c.objc; path = CoreAnimationDrawView.m; sourceTree = "<group>"; };
		77714A26201B4725004DD6EB /* YHLineChartView.h */ = {isa = PBXFileReference; lastKnownFileType = sourcecode.c.h; path = YHLineChartView.h; sourceTree = "<group>"; };
		77714A27201B4725004DD6EB /* YHLineChartView.m */ = {isa = PBXFileReference; lastKnownFileType = sourcecode.c.objc; path = YHLineChartView.m; sourceTree = "<group>"; };
		77714A29201EB312004DD6EB /* LineChartViewController.h */ = {isa = PBXFileReference; lastKnownFileType = sourcecode.c.h; path = LineChartViewController.h; sourceTree = "<group>"; };
		77714A2A201EB312004DD6EB /* LineChartViewController.m */ = {isa = PBXFileReference; lastKnownFileType = sourcecode.c.objc; path = LineChartViewController.m; sourceTree = "<group>"; };
		77714A3020200B6E004DD6EB /* HorizontalBarChartViewController.h */ = {isa = PBXFileReference; lastKnownFileType = sourcecode.c.h; path = HorizontalBarChartViewController.h; sourceTree = "<group>"; };
		77714A3120200B6E004DD6EB /* HorizontalBarChartViewController.m */ = {isa = PBXFileReference; lastKnownFileType = sourcecode.c.objc; path = HorizontalBarChartViewController.m; sourceTree = "<group>"; };
		77714A3320200B94004DD6EB /* YHHorizontalBarChartView.h */ = {isa = PBXFileReference; lastKnownFileType = sourcecode.c.h; path = YHHorizontalBarChartView.h; sourceTree = "<group>"; };
		77714A3420200B94004DD6EB /* YHHorizontalBarChartView.m */ = {isa = PBXFileReference; lastKnownFileType = sourcecode.c.objc; path = YHHorizontalBarChartView.m; sourceTree = "<group>"; };
		77714A38202158FB004DD6EB /* YHVerticalBarChartView.h */ = {isa = PBXFileReference; lastKnownFileType = sourcecode.c.h; path = YHVerticalBarChartView.h; sourceTree = "<group>"; };
		77714A39202158FB004DD6EB /* YHVerticalBarChartView.m */ = {isa = PBXFileReference; lastKnownFileType = sourcecode.c.objc; path = YHVerticalBarChartView.m; sourceTree = "<group>"; };
		77714A3B20215909004DD6EB /* VerticalBarChartViewController.h */ = {isa = PBXFileReference; lastKnownFileType = sourcecode.c.h; path = VerticalBarChartViewController.h; sourceTree = "<group>"; };
		77714A3C20215909004DD6EB /* VerticalBarChartViewController.m */ = {isa = PBXFileReference; lastKnownFileType = sourcecode.c.objc; path = VerticalBarChartViewController.m; sourceTree = "<group>"; };
		77BE096A20457B8D009712CC /* BaseChartViewController.h */ = {isa = PBXFileReference; lastKnownFileType = sourcecode.c.h; path = BaseChartViewController.h; sourceTree = "<group>"; };
		77BE096B20457B8D009712CC /* BaseChartViewController.m */ = {isa = PBXFileReference; lastKnownFileType = sourcecode.c.objc; path = BaseChartViewController.m; sourceTree = "<group>"; };
		77E4ABE52022EE5800568AFA /* UIColor+HexColor.h */ = {isa = PBXFileReference; lastKnownFileType = sourcecode.c.h; path = "UIColor+HexColor.h"; sourceTree = "<group>"; };
		77E4ABE62022EE5800568AFA /* UIColor+HexColor.m */ = {isa = PBXFileReference; lastKnownFileType = sourcecode.c.objc; path = "UIColor+HexColor.m"; sourceTree = "<group>"; };
		77E4AC04202862D500568AFA /* NSString+Extra.h */ = {isa = PBXFileReference; lastKnownFileType = sourcecode.c.h; path = "NSString+Extra.h"; sourceTree = "<group>"; };
		77E4AC05202862D500568AFA /* NSString+Extra.m */ = {isa = PBXFileReference; lastKnownFileType = sourcecode.c.objc; path = "NSString+Extra.m"; sourceTree = "<group>"; };
/* End PBXFileReference section */

/* Begin PBXFrameworksBuildPhase section */
		776FC1892011F04100CDF3E6 /* Frameworks */ = {
			isa = PBXFrameworksBuildPhase;
			buildActionMask = 2147483647;
			files = (
			);
			runOnlyForDeploymentPostprocessing = 0;
		};
/* End PBXFrameworksBuildPhase section */

/* Begin PBXGroup section */
		6F04EA7E206F3DD400837529 /* NSUserDefaultsSaveObject */ = {
			isa = PBXGroup;
			children = (
				6F04EA7F206F3E5100837529 /* NSUserDefaultsSaveObjectViewController.h */,
				6F04EA80206F3E5100837529 /* NSUserDefaultsSaveObjectViewController.m */,
				6F04EA82206F402200837529 /* CustomizeObject.h */,
				6F04EA83206F402200837529 /* CustomizeObject.m */,
			);
			path = NSUserDefaultsSaveObject;
			sourceTree = "<group>";
		};
		6F404C40206F6A0700FB53F6 /* IPConvertNumDemo */ = {
			isa = PBXGroup;
			children = (
				6F404C41206F6A4200FB53F6 /* IPConvertNumDemoViewController.h */,
				6F404C42206F6A4200FB53F6 /* IPConvertNumDemoViewController.m */,
			);
			path = IPConvertNumDemo;
			sourceTree = "<group>";
		};
		6F404C44206FB8F400FB53F6 /* NestedBlockDemo */ = {
			isa = PBXGroup;
			children = (
				6F404C45206FB91200FB53F6 /* NestedBlockDemoViewController.h */,
				6F404C46206FB91200FB53F6 /* NestedBlockDemoViewController.m */,
			);
			path = NestedBlockDemo;
			sourceTree = "<group>";
		};
		6F43F36C204D940C00EA7DCD /* SemaphoreDemo */ = {
			isa = PBXGroup;
			children = (
				6F43F36D204D945500EA7DCD /* SemaphoreViewController.h */,
				6F43F36E204D945500EA7DCD /* SemaphoreViewController.m */,
			);
			path = SemaphoreDemo;
			sourceTree = "<group>";
		};
		6F43F3702056C38F00EA7DCD /* RespondChainDemo */ = {
			isa = PBXGroup;
			children = (
				6F43F3712056C3BC00EA7DCD /* RespondChainViewController.h */,
				6F43F3722056C3BC00EA7DCD /* RespondChainViewController.m */,
				6F43F3742056C3DC00EA7DCD /* View1.h */,
				6F43F3752056C3DC00EA7DCD /* View1.m */,
				6F43F3772056C3EF00EA7DCD /* View11.h */,
				6F43F3782056C3EF00EA7DCD /* View11.m */,
			);
			path = RespondChainDemo;
			sourceTree = "<group>";
		};
		6F43F37A20581BED00EA7DCD /* CopyStrongDemo */ = {
			isa = PBXGroup;
			children = (
				6F43F37B20581D8600EA7DCD /* CopyStrongDemoViewController.h */,
				6F43F37C20581D8600EA7DCD /* CopyStrongDemoViewController.m */,
			);
			path = CopyStrongDemo;
			sourceTree = "<group>";
		};
		6F43F37E205E9CED00EA7DCD /* NSProxyDemo */ = {
			isa = PBXGroup;
			children = (
				6F43F37F205E9D3500EA7DCD /* NSProxyDemoViewController.h */,
				6F43F380205E9D3500EA7DCD /* NSProxyDemoViewController.m */,
				6F43F385205EA44500EA7DCD /* SecondPageViewController.h */,
				6F43F386205EA44500EA7DCD /* SecondPageViewController.m */,
				6F43F382205E9E0100EA7DCD /* YHWeakProxy.h */,
				6F43F383205E9E0100EA7DCD /* YHWeakProxy.m */,
			);
			path = NSProxyDemo;
			sourceTree = "<group>";
		};
		6F43F388205EB44B00EA7DCD /* NSProxyMultiInheritDemo */ = {
			isa = PBXGroup;
			children = (
				6F43F389205EB48000EA7DCD /* NSProxyMultiInheritDemoViewController.h */,
				6F43F38A205EB48000EA7DCD /* NSProxyMultiInheritDemoViewController.m */,
				6F43F38C205EB4B200EA7DCD /* YHMultiInheritProxy.h */,
				6F43F38D205EB4B200EA7DCD /* YHMultiInheritProxy.m */,
				6F43F38F205EB6CC00EA7DCD /* YHBookProvider.h */,
				6F43F390205EB6CC00EA7DCD /* YHBookProvider.m */,
				6F43F392205EB6E600EA7DCD /* YHClothesProvider.h */,
				6F43F393205EB6E600EA7DCD /* YHClothesProvider.m */,
			);
			path = NSProxyMultiInheritDemo;
			sourceTree = "<group>";
		};
		6F43F3952063F8A700EA7DCD /* LockDemo */ = {
			isa = PBXGroup;
			children = (
				6F43F3962063F8F900EA7DCD /* LockDemoViewController.h */,
				6F43F3972063F8F900EA7DCD /* LockDemoViewController.m */,
			);
			path = LockDemo;
			sourceTree = "<group>";
		};
		6FCD3C36206E865500FD504B /* RevertString */ = {
			isa = PBXGroup;
			children = (
				6FCD3C37206E867D00FD504B /* RevertStringDemoViewController.h */,
				6FCD3C38206E867D00FD504B /* RevertStringDemoViewController.m */,
			);
			path = RevertString;
			sourceTree = "<group>";
		};
		6FF94E922067BDB800475287 /* AssignObjectDemo */ = {
			isa = PBXGroup;
			children = (
				6FF94E932067BDEC00475287 /* AssignObjectDemoViewController.h */,
				6FF94E942067BDEC00475287 /* AssignObjectDemoViewController.m */,
			);
			path = AssignObjectDemo;
			sourceTree = "<group>";
		};
		6FF94E972067C89700475287 /* WeakStrongObjectDemo */ = {
			isa = PBXGroup;
			children = (
				6FF94E982067C8C600475287 /* WeakStrongObjectDemoViewController.h */,
				6FF94E992067C8C600475287 /* WeakStrongObjectDemoViewController.m */,
			);
			path = WeakStrongObjectDemo;
			sourceTree = "<group>";
		};
		776B4E0B206CE32300443D92 /* MemoryMapDemo */ = {
			isa = PBXGroup;
			children = (
				776B4E08206CE2EA00443D92 /* MemoryMapDemoViewController.h */,
				776B4E09206CE2EA00443D92 /* MemoryMapDemoViewController.m */,
				776B4E0C206CE37800443D92 /* SourceTree_2.0.5.5.dmg */,
			);
			path = MemoryMapDemo;
			sourceTree = "<group>";
		};
		776FC1832011F04100CDF3E6 = {
			isa = PBXGroup;
			children = (
				776FC18E2011F04100CDF3E6 /* YHDailyDemo */,
				776FC18D2011F04100CDF3E6 /* Products */,
			);
			sourceTree = "<group>";
		};
		776FC18D2011F04100CDF3E6 /* Products */ = {
			isa = PBXGroup;
			children = (
				776FC18C2011F04100CDF3E6 /* YHDailyDemo.app */,
			);
			name = Products;
			sourceTree = "<group>";
		};
		776FC18E2011F04100CDF3E6 /* YHDailyDemo */ = {
			isa = PBXGroup;
			children = (
				776FC1A52011F08200CDF3E6 /* RootTableViewController.h */,
				776FC1A62011F08200CDF3E6 /* RootTableViewController.m */,
				77BE096A20457B8D009712CC /* BaseChartViewController.h */,
				77BE096B20457B8D009712CC /* BaseChartViewController.m */,
				776FC18F2011F04100CDF3E6 /* AppDelegate.h */,
				776FC1902011F04100CDF3E6 /* AppDelegate.m */,
				6F404C44206FB8F400FB53F6 /* NestedBlockDemo */,
				6F404C40206F6A0700FB53F6 /* IPConvertNumDemo */,
				6F04EA7E206F3DD400837529 /* NSUserDefaultsSaveObject */,
				6FCD3C36206E865500FD504B /* RevertString */,
				776B4E0B206CE32300443D92 /* MemoryMapDemo */,
				6FF94E972067C89700475287 /* WeakStrongObjectDemo */,
				6FF94E922067BDB800475287 /* AssignObjectDemo */,
				6F43F3952063F8A700EA7DCD /* LockDemo */,
				6F43F388205EB44B00EA7DCD /* NSProxyMultiInheritDemo */,
				6F43F37E205E9CED00EA7DCD /* NSProxyDemo */,
				6F43F37A20581BED00EA7DCD /* CopyStrongDemo */,
				6F43F3702056C38F00EA7DCD /* RespondChainDemo */,
				6F43F36C204D940C00EA7DCD /* SemaphoreDemo */,
				77E4ABFB2024789C00568AFA /* YHChartViewCommon */,
				77714A37202158C8004DD6EB /* VerticalBarChar */,
				77714A2F20200B31004DD6EB /* HorizontalBarChart */,
				77714A25201B46F4004DD6EB /* LineChart */,
				77714A24201B4691004DD6EB /* FindMaxAndMinNumber */,
				77714A23201B4664004DD6EB /* DrawView */,
				776FC1952011F04100CDF3E6 /* Main.storyboard */,
				776FC1982011F04100CDF3E6 /* Assets.xcassets */,
				776FC19A2011F04100CDF3E6 /* LaunchScreen.storyboard */,
				776FC19D2011F04100CDF3E6 /* Info.plist */,
				776FC19E2011F04100CDF3E6 /* main.m */,
			);
			path = YHDailyDemo;
			sourceTree = "<group>";
		};
		77714A23201B4664004DD6EB /* DrawView */ = {
			isa = PBXGroup;
			children = (
				776FC1A82011F53000CDF3E6 /* DrawViewController.h */,
				776FC1A92011F53000CDF3E6 /* DrawViewController.m */,
				776FC1AB2011F69600CDF3E6 /* CoreGraphicDrawView.h */,
				776FC1AC2011F69600CDF3E6 /* CoreGraphicDrawView.m */,
				776FC1AE2012204400CDF3E6 /* CoreAnimationDrawView.h */,
				776FC1AF2012204400CDF3E6 /* CoreAnimationDrawView.m */,
			);
			name = DrawView;
			sourceTree = "<group>";
		};
		77714A24201B4691004DD6EB /* FindMaxAndMinNumber */ = {
			isa = PBXGroup;
			children = (
				776FC1922011F04100CDF3E6 /* FindMaxAndMinNumberViewController.h */,
				776FC1932011F04100CDF3E6 /* FindMaxAndMinNumberViewController.m */,
			);
			path = FindMaxAndMinNumber;
			sourceTree = "<group>";
		};
		77714A25201B46F4004DD6EB /* LineChart */ = {
			isa = PBXGroup;
			children = (
				77714A26201B4725004DD6EB /* YHLineChartView.h */,
				77714A27201B4725004DD6EB /* YHLineChartView.m */,
				77714A29201EB312004DD6EB /* LineChartViewController.h */,
				77714A2A201EB312004DD6EB /* LineChartViewController.m */,
			);
			name = LineChart;
			sourceTree = "<group>";
		};
		77714A2F20200B31004DD6EB /* HorizontalBarChart */ = {
			isa = PBXGroup;
			children = (
				77714A3020200B6E004DD6EB /* HorizontalBarChartViewController.h */,
				77714A3120200B6E004DD6EB /* HorizontalBarChartViewController.m */,
				77714A3320200B94004DD6EB /* YHHorizontalBarChartView.h */,
				77714A3420200B94004DD6EB /* YHHorizontalBarChartView.m */,
			);
			name = HorizontalBarChart;
			sourceTree = "<group>";
		};
		77714A37202158C8004DD6EB /* VerticalBarChar */ = {
			isa = PBXGroup;
			children = (
				77714A38202158FB004DD6EB /* YHVerticalBarChartView.h */,
				77714A39202158FB004DD6EB /* YHVerticalBarChartView.m */,
				77714A3B20215909004DD6EB /* VerticalBarChartViewController.h */,
				77714A3C20215909004DD6EB /* VerticalBarChartViewController.m */,
			);
			name = VerticalBarChar;
			sourceTree = "<group>";
		};
		77E4ABFB2024789C00568AFA /* YHChartViewCommon */ = {
			isa = PBXGroup;
			children = (
				7721C3E6202C2A9000859A67 /* YHBaseChartMethodProtocol.h */,
				7721C3E5202C2A9000859A67 /* YHBaseChartView.h */,
				7721C3E7202C2A9100859A67 /* YHBaseChartView.m */,
				7721C3E3202C2A9000859A67 /* YHCommonChartViewDelegate.h */,
				7721C3E4202C2A9000859A67 /* YHCommonHeader.h */,
				77E4ABE52022EE5800568AFA /* UIColor+HexColor.h */,
				77E4ABE62022EE5800568AFA /* UIColor+HexColor.m */,
				77E4AC04202862D500568AFA /* NSString+Extra.h */,
				77E4AC05202862D500568AFA /* NSString+Extra.m */,
			);
			path = YHChartViewCommon;
			sourceTree = "<group>";
		};
/* End PBXGroup section */

/* Begin PBXNativeTarget section */
		776FC18B2011F04100CDF3E6 /* YHDailyDemo */ = {
			isa = PBXNativeTarget;
			buildConfigurationList = 776FC1A22011F04100CDF3E6 /* Build configuration list for PBXNativeTarget "YHDailyDemo" */;
			buildPhases = (
				776FC1882011F04100CDF3E6 /* Sources */,
				776FC1892011F04100CDF3E6 /* Frameworks */,
				776FC18A2011F04100CDF3E6 /* Resources */,
			);
			buildRules = (
			);
			dependencies = (
			);
			name = YHDailyDemo;
			productName = YHDailyDemo;
			productReference = 776FC18C2011F04100CDF3E6 /* YHDailyDemo.app */;
			productType = "com.apple.product-type.application";
		};
/* End PBXNativeTarget section */

/* Begin PBXProject section */
		776FC1842011F04100CDF3E6 /* Project object */ = {
			isa = PBXProject;
			attributes = {
				LastUpgradeCheck = 0920;
				ORGANIZATIONNAME = "杨虎";
				TargetAttributes = {
					776FC18B2011F04100CDF3E6 = {
						CreatedOnToolsVersion = 9.2;
						ProvisioningStyle = Automatic;
					};
				};
			};
			buildConfigurationList = 776FC1872011F04100CDF3E6 /* Build configuration list for PBXProject "YHDailyDemo" */;
			compatibilityVersion = "Xcode 8.0";
			developmentRegion = en;
			hasScannedForEncodings = 0;
			knownRegions = (
				en,
				Base,
			);
			mainGroup = 776FC1832011F04100CDF3E6;
			productRefGroup = 776FC18D2011F04100CDF3E6 /* Products */;
			projectDirPath = "";
			projectRoot = "";
			targets = (
				776FC18B2011F04100CDF3E6 /* YHDailyDemo */,
			);
		};
/* End PBXProject section */

/* Begin PBXResourcesBuildPhase section */
		776FC18A2011F04100CDF3E6 /* Resources */ = {
			isa = PBXResourcesBuildPhase;
			buildActionMask = 2147483647;
			files = (
				776FC19C2011F04100CDF3E6 /* LaunchScreen.storyboard in Resources */,
				776FC1992011F04100CDF3E6 /* Assets.xcassets in Resources */,
				776B4E0D206CE37800443D92 /* SourceTree_2.0.5.5.dmg in Resources */,
				776FC1972011F04100CDF3E6 /* Main.storyboard in Resources */,
			);
			runOnlyForDeploymentPostprocessing = 0;
		};
/* End PBXResourcesBuildPhase section */

/* Begin PBXSourcesBuildPhase section */
		776FC1882011F04100CDF3E6 /* Sources */ = {
			isa = PBXSourcesBuildPhase;
			buildActionMask = 2147483647;
			files = (
				776FC1942011F04100CDF3E6 /* FindMaxAndMinNumberViewController.m in Sources */,
				6F43F38B205EB48100EA7DCD /* NSProxyMultiInheritDemoViewController.m in Sources */,
				6F43F391205EB6CC00EA7DCD /* YHBookProvider.m in Sources */,
				6F43F36F204D945500EA7DCD /* SemaphoreViewController.m in Sources */,
				6F43F3982063F8F900EA7DCD /* LockDemoViewController.m in Sources */,
				776FC1AA2011F53000CDF3E6 /* DrawViewController.m in Sources */,
				6F404C47206FB91200FB53F6 /* NestedBlockDemoViewController.m in Sources */,
				6F43F384205E9E0100EA7DCD /* YHWeakProxy.m in Sources */,
				6FF94E952067BDEC00475287 /* AssignObjectDemoViewController.m in Sources */,
				7721C3E8202C2A9100859A67 /* YHBaseChartView.m in Sources */,
				6F43F387205EA44500EA7DCD /* SecondPageViewController.m in Sources */,
				6F404C43206F6A4200FB53F6 /* IPConvertNumDemoViewController.m in Sources */,
				6FCD3C39206E867D00FD504B /* RevertStringDemoViewController.m in Sources */,
				77E4AC06202862D500568AFA /* NSString+Extra.m in Sources */,
				77714A2B201EB312004DD6EB /* LineChartViewController.m in Sources */,
				6F43F3762056C3DC00EA7DCD /* View1.m in Sources */,
				6F04EA84206F402200837529 /* CustomizeObject.m in Sources */,
				77BE096C20457B8D009712CC /* BaseChartViewController.m in Sources */,
				6F43F381205E9D3500EA7DCD /* NSProxyDemoViewController.m in Sources */,
				6FF94E9A2067C8C600475287 /* WeakStrongObjectDemoViewController.m in Sources */,
				6F43F3792056C3EF00EA7DCD /* View11.m in Sources */,
				6F43F3732056C3BC00EA7DCD /* RespondChainViewController.m in Sources */,
				77714A3520200B94004DD6EB /* YHHorizontalBarChartView.m in Sources */,
				6F43F38E205EB4B200EA7DCD /* YHMultiInheritProxy.m in Sources */,
				6F04EA81206F3E5100837529 /* NSUserDefaultsSaveObjectViewController.m in Sources */,
				776FC1AD2011F69600CDF3E6 /* CoreGraphicDrawView.m in Sources */,
				776FC1B02012204400CDF3E6 /* CoreAnimationDrawView.m in Sources */,
				776B4E0A206CE2EA00443D92 /* MemoryMapDemoViewController.m in Sources */,
				776FC19F2011F04100CDF3E6 /* main.m in Sources */,
				77E4ABE72022EE5800568AFA /* UIColor+HexColor.m in Sources */,
				776FC1912011F04100CDF3E6 /* AppDelegate.m in Sources */,
				77714A3220200B6E004DD6EB /* HorizontalBarChartViewController.m in Sources */,
				77714A3D20215909004DD6EB /* VerticalBarChartViewController.m in Sources */,
				77714A3A202158FB004DD6EB /* YHVerticalBarChartView.m in Sources */,
				776FC1A72011F08200CDF3E6 /* RootTableViewController.m in Sources */,
				6F43F394205EB6E600EA7DCD /* YHClothesProvider.m in Sources */,
				77714A28201B4725004DD6EB /* YHLineChartView.m in Sources */,
				6F43F37D20581D8600EA7DCD /* CopyStrongDemoViewController.m in Sources */,
			);
			runOnlyForDeploymentPostprocessing = 0;
		};
/* End PBXSourcesBuildPhase section */

/* Begin PBXVariantGroup section */
		776FC1952011F04100CDF3E6 /* Main.storyboard */ = {
			isa = PBXVariantGroup;
			children = (
				776FC1962011F04100CDF3E6 /* Base */,
			);
			name = Main.storyboard;
			sourceTree = "<group>";
		};
		776FC19A2011F04100CDF3E6 /* LaunchScreen.storyboard */ = {
			isa = PBXVariantGroup;
			children = (
				776FC19B2011F04100CDF3E6 /* Base */,
			);
			name = LaunchScreen.storyboard;
			sourceTree = "<group>";
		};
/* End PBXVariantGroup section */

/* Begin XCBuildConfiguration section */
		776FC1A02011F04100CDF3E6 /* Debug */ = {
			isa = XCBuildConfiguration;
			buildSettings = {
				ALWAYS_SEARCH_USER_PATHS = NO;
				CLANG_ANALYZER_NONNULL = YES;
				CLANG_ANALYZER_NUMBER_OBJECT_CONVERSION = YES_AGGRESSIVE;
				CLANG_CXX_LANGUAGE_STANDARD = "gnu++14";
				CLANG_CXX_LIBRARY = "libc++";
				CLANG_ENABLE_MODULES = YES;
				CLANG_ENABLE_OBJC_ARC = YES;
				CLANG_WARN_BLOCK_CAPTURE_AUTORELEASING = YES;
				CLANG_WARN_BOOL_CONVERSION = YES;
				CLANG_WARN_COMMA = YES;
				CLANG_WARN_CONSTANT_CONVERSION = YES;
				CLANG_WARN_DIRECT_OBJC_ISA_USAGE = YES_ERROR;
				CLANG_WARN_DOCUMENTATION_COMMENTS = YES;
				CLANG_WARN_EMPTY_BODY = YES;
				CLANG_WARN_ENUM_CONVERSION = YES;
				CLANG_WARN_INFINITE_RECURSION = YES;
				CLANG_WARN_INT_CONVERSION = YES;
				CLANG_WARN_NON_LITERAL_NULL_CONVERSION = YES;
				CLANG_WARN_OBJC_LITERAL_CONVERSION = YES;
				CLANG_WARN_OBJC_ROOT_CLASS = YES_ERROR;
				CLANG_WARN_RANGE_LOOP_ANALYSIS = YES;
				CLANG_WARN_STRICT_PROTOTYPES = YES;
				CLANG_WARN_SUSPICIOUS_MOVE = YES;
				CLANG_WARN_UNGUARDED_AVAILABILITY = YES_AGGRESSIVE;
				CLANG_WARN_UNREACHABLE_CODE = YES;
				CLANG_WARN__DUPLICATE_METHOD_MATCH = YES;
				CODE_SIGN_IDENTITY = "iPhone Developer";
				COPY_PHASE_STRIP = NO;
				DEBUG_INFORMATION_FORMAT = dwarf;
				ENABLE_STRICT_OBJC_MSGSEND = YES;
				ENABLE_TESTABILITY = YES;
				GCC_C_LANGUAGE_STANDARD = gnu11;
				GCC_DYNAMIC_NO_PIC = NO;
				GCC_NO_COMMON_BLOCKS = YES;
				GCC_OPTIMIZATION_LEVEL = 0;
				GCC_PREPROCESSOR_DEFINITIONS = (
					"DEBUG=1",
					"$(inherited)",
				);
				GCC_WARN_64_TO_32_BIT_CONVERSION = YES;
				GCC_WARN_ABOUT_RETURN_TYPE = YES_ERROR;
				GCC_WARN_UNDECLARED_SELECTOR = YES;
				GCC_WARN_UNINITIALIZED_AUTOS = YES_AGGRESSIVE;
				GCC_WARN_UNUSED_FUNCTION = YES;
				GCC_WARN_UNUSED_VARIABLE = YES;
				IPHONEOS_DEPLOYMENT_TARGET = 11.2;
				MTL_ENABLE_DEBUG_INFO = YES;
				ONLY_ACTIVE_ARCH = YES;
				SDKROOT = iphoneos;
			};
			name = Debug;
		};
		776FC1A12011F04100CDF3E6 /* Release */ = {
			isa = XCBuildConfiguration;
			buildSettings = {
				ALWAYS_SEARCH_USER_PATHS = NO;
				CLANG_ANALYZER_NONNULL = YES;
				CLANG_ANALYZER_NUMBER_OBJECT_CONVERSION = YES_AGGRESSIVE;
				CLANG_CXX_LANGUAGE_STANDARD = "gnu++14";
				CLANG_CXX_LIBRARY = "libc++";
				CLANG_ENABLE_MODULES = YES;
				CLANG_ENABLE_OBJC_ARC = YES;
				CLANG_WARN_BLOCK_CAPTURE_AUTORELEASING = YES;
				CLANG_WARN_BOOL_CONVERSION = YES;
				CLANG_WARN_COMMA = YES;
				CLANG_WARN_CONSTANT_CONVERSION = YES;
				CLANG_WARN_DIRECT_OBJC_ISA_USAGE = YES_ERROR;
				CLANG_WARN_DOCUMENTATION_COMMENTS = YES;
				CLANG_WARN_EMPTY_BODY = YES;
				CLANG_WARN_ENUM_CONVERSION = YES;
				CLANG_WARN_INFINITE_RECURSION = YES;
				CLANG_WARN_INT_CONVERSION = YES;
				CLANG_WARN_NON_LITERAL_NULL_CONVERSION = YES;
				CLANG_WARN_OBJC_LITERAL_CONVERSION = YES;
				CLANG_WARN_OBJC_ROOT_CLASS = YES_ERROR;
				CLANG_WARN_RANGE_LOOP_ANALYSIS = YES;
				CLANG_WARN_STRICT_PROTOTYPES = YES;
				CLANG_WARN_SUSPICIOUS_MOVE = YES;
				CLANG_WARN_UNGUARDED_AVAILABILITY = YES_AGGRESSIVE;
				CLANG_WARN_UNREACHABLE_CODE = YES;
				CLANG_WARN__DUPLICATE_METHOD_MATCH = YES;
				CODE_SIGN_IDENTITY = "iPhone Developer";
				COPY_PHASE_STRIP = NO;
				DEBUG_INFORMATION_FORMAT = "dwarf-with-dsym";
				ENABLE_NS_ASSERTIONS = NO;
				ENABLE_STRICT_OBJC_MSGSEND = YES;
				GCC_C_LANGUAGE_STANDARD = gnu11;
				GCC_NO_COMMON_BLOCKS = YES;
				GCC_WARN_64_TO_32_BIT_CONVERSION = YES;
				GCC_WARN_ABOUT_RETURN_TYPE = YES_ERROR;
				GCC_WARN_UNDECLARED_SELECTOR = YES;
				GCC_WARN_UNINITIALIZED_AUTOS = YES_AGGRESSIVE;
				GCC_WARN_UNUSED_FUNCTION = YES;
				GCC_WARN_UNUSED_VARIABLE = YES;
				IPHONEOS_DEPLOYMENT_TARGET = 11.2;
				MTL_ENABLE_DEBUG_INFO = NO;
				SDKROOT = iphoneos;
				VALIDATE_PRODUCT = YES;
			};
			name = Release;
		};
		776FC1A32011F04100CDF3E6 /* Debug */ = {
			isa = XCBuildConfiguration;
			buildSettings = {
				ASSETCATALOG_COMPILER_APPICON_NAME = AppIcon;
				CODE_SIGN_STYLE = Automatic;
				DEVELOPMENT_TEAM = 7EZ23W2MEV;
				INFOPLIST_FILE = YHDailyDemo/Info.plist;
				LD_RUNPATH_SEARCH_PATHS = "$(inherited) @executable_path/Frameworks";
				PRODUCT_BUNDLE_IDENTIFIER = com.yanghu.YHDailyDemo;
				PRODUCT_NAME = "$(TARGET_NAME)";
				TARGETED_DEVICE_FAMILY = "1,2";
			};
			name = Debug;
		};
		776FC1A42011F04100CDF3E6 /* Release */ = {
			isa = XCBuildConfiguration;
			buildSettings = {
				ASSETCATALOG_COMPILER_APPICON_NAME = AppIcon;
				CODE_SIGN_STYLE = Automatic;
				DEVELOPMENT_TEAM = 7EZ23W2MEV;
				INFOPLIST_FILE = YHDailyDemo/Info.plist;
				LD_RUNPATH_SEARCH_PATHS = "$(inherited) @executable_path/Frameworks";
				PRODUCT_BUNDLE_IDENTIFIER = com.yanghu.YHDailyDemo;
				PRODUCT_NAME = "$(TARGET_NAME)";
				TARGETED_DEVICE_FAMILY = "1,2";
			};
			name = Release;
		};
/* End XCBuildConfiguration section */

/* Begin XCConfigurationList section */
		776FC1872011F04100CDF3E6 /* Build configuration list for PBXProject "YHDailyDemo" */ = {
			isa = XCConfigurationList;
			buildConfigurations = (
				776FC1A02011F04100CDF3E6 /* Debug */,
				776FC1A12011F04100CDF3E6 /* Release */,
			);
			defaultConfigurationIsVisible = 0;
			defaultConfigurationName = Release;
		};
		776FC1A22011F04100CDF3E6 /* Build configuration list for PBXNativeTarget "YHDailyDemo" */ = {
			isa = XCConfigurationList;
			buildConfigurations = (
				776FC1A32011F04100CDF3E6 /* Debug */,
				776FC1A42011F04100CDF3E6 /* Release */,
			);
			defaultConfigurationIsVisible = 0;
			defaultConfigurationName = Release;
		};
/* End XCConfigurationList section */
	};
	rootObject = 776FC1842011F04100CDF3E6 /* Project object */;
}
